{
  "name": "local-B",
  "version": "1.0.0",
  "lockfileVersion": 1,
  "requires": true,
  "dependencies": {
    "local-D": {
      "version": "2.0.0",
      "resolved": "http://localhost:4873/local-D/-/local-D-2.0.0.tgz",
      "integrity": "sha512-rmYFMzIxKiEVhi80dSH0LlvgQ64XZVi9n/sS/wcaOT4ACgnlEzSzaJTe0BZReogsiBN+B/t+FPgIF+sRKXN2zg=="
    }
  }
}
