{
  "name": "local-A",
  "version": "1.0.0",
  "lockfileVersion": 1,
  "requires": true,
  "dependencies": {
    "local-B": {
      "version": "1.0.0",
      "resolved": "http://localhost:4873/local-B/-/local-B-1.0.0.tgz",
      "integrity": "sha512-wbr9BF29bwTvuKIUNaTpf0SG9iBoQZ9+cAFzoSfrUu69SHnHGV2kdLVTgqvT7J4nozKsHVHER2iL8P4D9eoh0g==",
      "dev": true,
      "requires": {
        "local-D": "2.0.0"
      }
    },
    "local-C": {
      "version": "1.0.0",
      "resolved": "http://localhost:4873/local-C/-/local-C-1.0.0.tgz",
      "integrity": "sha512-ibD7GEi6fVc27gfrkIPE+baCkm2r9OFVWRDu+lN3RZ9gXdzxRrAQm0QiBhM0CNCdybF+CQDciIwUavBmU9eUsA==",
      "requires": {
        "local-D": "1.0.0"
      },
      "dependencies": {
        "local-D": {
          "version": "1.0.0",
          "resolved": "http://localhost:4873/local-D/-/local-D-1.0.0.tgz",
          "integrity": "sha512-HzZBjynZOO4wUphngtOyeGiNNQM552EjBgsFF1ykMKajcC3QEFKV8Vy9WqXAuChi3E3CuOvrqaIdk1YhQBRuFg=="
        }
      }
    },
    "local-D": {
      "version": "2.0.0",
      "resolved": "http://localhost:4873/local-D/-/local-D-2.0.0.tgz",
      "integrity": "sha512-rmYFMzIxKiEVhi80dSH0LlvgQ64XZVi9n/sS/wcaOT4ACgnlEzSzaJTe0BZReogsiBN+B/t+FPgIF+sRKXN2zg==",
      "dev": true
    }
  }
}
